<?xml version="1.0" encoding="utf-8"?>
<Project ToolsVersion="4.0" xmlns="http://schemas.microsoft.com/developer/msbuild/2003">
  <ItemGroup>
    <ClCompile Include="Main.cpp" />
    <ClCompile Include="CApplication.cpp" />
    <ClCompile Include="CSimulationSystem.cpp" />
    <ClCompile Include="MosekSolver.cpp" />
    <ClCompile Include="Util.cpp" />
    <ClCompile Include="SSparseMatrix.cpp" />
    <ClCompile Include="CRigidDynamicsSimulation.cpp" />
    <ClCompile Include="odeBoxBox.cpp">
      <Filter>Provided</Filter>
    </ClCompile>
    <ClCompile Include="Rigid.cpp">
      <Filter>Provided</Filter>
    </ClCompile>
  </ItemGroup>
  <ItemGroup>
    <ClInclude Include="CApplication.h" />
    <ClInclude Include="CSimulationSystem.h" />
    <ClInclude Include="MosekSolver.h" />
    <ClInclude Include="Util.h" />
    <ClInclude Include="SSparseMatrix.h" />
    <ClInclude Include="CRigidDynamicsSimulation.h" />
    <ClInclude Include="odeBoxBox.h">
      <Filter>Provided</Filter>
    </ClInclude>
    <ClInclude Include="Rigid.h">
      <Filter>Provided</Filter>
    </ClInclude>
  </ItemGroup>
  <ItemGroup>
    <Filter Include="Provided">
      <UniqueIdentifier>{9919a19b-a873-4941-a1bc-c0f2492d2a08}</UniqueIdentifier>
    </Filter>
  </ItemGroup>
</Project>